// !$*UTF8*$!
{
	archiveVersion = 1;
	classes = {
	};
	objectVersion = 46;
	objects = {

/* Begin PBXBuildFile section */
		6CFDC6391BE9B30D00ECB367 /* main.m in Sources */ = {isa = PBXBuildFile; fileRef = 6CFDC6381BE9B30D00ECB367 /* main.m */; };
		6CFDC63C1BE9B30D00ECB367 /* AppDelegate.m in Sources */ = {isa = PBXBuildFile; fileRef = 6CFDC63B1BE9B30D00ECB367 /* AppDelegate.m */; };
		6CFDC63F1BE9B30D00ECB367 /* ViewController.m in Sources */ = {isa = PBXBuildFile; fileRef = 6CFDC63E1BE9B30D00ECB367 /* ViewController.m */; };
		6CFDC6421BE9B30D00ECB367 /* Main.storyboard in Resources */ = {isa = PBXBuildFile; fileRef = 6CFDC6401BE9B30D00ECB367 /* Main.storyboard */; };
		6CFDC6441BE9B30E00ECB367 /* Assets.xcassets in Resources */ = {isa = PBXBuildFile; fileRef = 6CFDC6431BE9B30E00ECB367 /* Assets.xcassets */; };
		6CFDC6471BE9B30E00ECB367 /* LaunchScreen.storyboard in Resources */ = {isa = PBXBuildFile; fileRef = 6CFDC6451BE9B30E00ECB367 /* LaunchScreen.storyboard */; };
		6CFDC67B1BE9B4D300ECB367 /* MJRefreshAutoFooter.m in Sources */ = {isa = PBXBuildFile; fileRef = 6CFDC6511BE9B4D300ECB367 /* MJRefreshAutoFooter.m */; settings = {ASSET_TAGS = (); }; };
		6CFDC67C1BE9B4D300ECB367 /* MJRefreshBackFooter.m in Sources */ = {isa = PBXBuildFile; fileRef = 6CFDC6531BE9B4D300ECB367 /* MJRefreshBackFooter.m */; settings = {ASSET_TAGS = (); }; };
		6CFDC67D1BE9B4D300ECB367 /* MJRefreshComponent.m in Sources */ = {isa = PBXBuildFile; fileRef = 6CFDC6551BE9B4D300ECB367 /* MJRefreshComponent.m */; settings = {ASSET_TAGS = (); }; };
		6CFDC67E1BE9B4D300ECB367 /* MJRefreshFooter.m in Sources */ = {isa = PBXBuildFile; fileRef = 6CFDC6571BE9B4D300ECB367 /* MJRefreshFooter.m */; settings = {ASSET_TAGS = (); }; };
		6CFDC67F1BE9B4D300ECB367 /* MJRefreshHeader.m in Sources */ = {isa = PBXBuildFile; fileRef = 6CFDC6591BE9B4D300ECB367 /* MJRefreshHeader.m */; settings = {ASSET_TAGS = (); }; };
		6CFDC6801BE9B4D300ECB367 /* MJRefreshAutoGifFooter.m in Sources */ = {isa = PBXBuildFile; fileRef = 6CFDC65E1BE9B4D300ECB367 /* MJRefreshAutoGifFooter.m */; settings = {ASSET_TAGS = (); }; };
		6CFDC6811BE9B4D300ECB367 /* MJRefreshAutoNormalFooter.m in Sources */ = {isa = PBXBuildFile; fileRef = 6CFDC6601BE9B4D300ECB367 /* MJRefreshAutoNormalFooter.m */; settings = {ASSET_TAGS = (); }; };
		6CFDC6821BE9B4D300ECB367 /* MJRefreshAutoStateFooter.m in Sources */ = {isa = PBXBuildFile; fileRef = 6CFDC6621BE9B4D300ECB367 /* MJRefreshAutoStateFooter.m */; settings = {ASSET_TAGS = (); }; };
		6CFDC6831BE9B4D300ECB367 /* MJRefreshBackGifFooter.m in Sources */ = {isa = PBXBuildFile; fileRef = 6CFDC6651BE9B4D300ECB367 /* MJRefreshBackGifFooter.m */; settings = {ASSET_TAGS = (); }; };
		6CFDC6841BE9B4D300ECB367 /* MJRefreshBackNormalFooter.m in Sources */ = {isa = PBXBuildFile; fileRef = 6CFDC6671BE9B4D300ECB367 /* MJRefreshBackNormalFooter.m */; settings = {ASSET_TAGS = (); }; };
		6CFDC6851BE9B4D300ECB367 /* MJRefreshBackStateFooter.m in Sources */ = {isa = PBXBuildFile; fileRef = 6CFDC6691BE9B4D300ECB367 /* MJRefreshBackStateFooter.m */; settings = {ASSET_TAGS = (); }; };
		6CFDC6861BE9B4D300ECB367 /* MJRefreshGifHeader.m in Sources */ = {isa = PBXBuildFile; fileRef = 6CFDC66C1BE9B4D300ECB367 /* MJRefreshGifHeader.m */; settings = {ASSET_TAGS = (); }; };
		6CFDC6871BE9B4D300ECB367 /* MJRefreshNormalHeader.m in Sources */ = {isa = PBXBuildFile; fileRef = 6CFDC66E1BE9B4D300ECB367 /* MJRefreshNormalHeader.m */; settings = {ASSET_TAGS = (); }; };
		6CFDC6881BE9B4D300ECB367 /* MJRefreshStateHeader.m in Sources */ = {isa = PBXBuildFile; fileRef = 6CFDC6701BE9B4D300ECB367 /* MJRefreshStateHeader.m */; settings = {ASSET_TAGS = (); }; };
		6CFDC6891BE9B4D300ECB367 /* MJRefresh.bundle in Resources */ = {isa = PBXBuildFile; fileRef = 6CFDC6711BE9B4D300ECB367 /* MJRefresh.bundle */; settings = {ASSET_TAGS = (); }; };
		6CFDC68A1BE9B4D300ECB367 /* MJRefreshConst.m in Sources */ = {isa = PBXBuildFile; fileRef = 6CFDC6741BE9B4D300ECB367 /* MJRefreshConst.m */; settings = {ASSET_TAGS = (); }; };
		6CFDC68B1BE9B4D300ECB367 /* UIScrollView+MJExtension.m in Sources */ = {isa = PBXBuildFile; fileRef = 6CFDC6761BE9B4D300ECB367 /* UIScrollView+MJExtension.m */; settings = {ASSET_TAGS = (); }; };
		6CFDC68C1BE9B4D300ECB367 /* UIScrollView+MJRefresh.m in Sources */ = {isa = PBXBuildFile; fileRef = 6CFDC6781BE9B4D300ECB367 /* UIScrollView+MJRefresh.m */; settings = {ASSET_TAGS = (); }; };
		6CFDC68D1BE9B4D300ECB367 /* UIView+MJExtension.m in Sources */ = {isa = PBXBuildFile; fileRef = 6CFDC67A1BE9B4D300ECB367 /* UIView+MJExtension.m */; settings = {ASSET_TAGS = (); }; };
		6CFDC6901BE9B51200ECB367 /* GTRefreshGifHeader.m in Sources */ = {isa = PBXBuildFile; fileRef = 6CFDC68F1BE9B51200ECB367 /* GTRefreshGifHeader.m */; settings = {ASSET_TAGS = (); }; };
		6CFDC6E71BE9B5D600ECB367 /* stars-0.png in Resources */ = {isa = PBXBuildFile; fileRef = 6CFDC6921BE9B5D600ECB367 /* stars-0.png */; settings = {ASSET_TAGS = (); }; };
		6CFDC6E81BE9B5D600ECB367 /* stars-1.png in Resources */ = {isa = PBXBuildFile; fileRef = 6CFDC6931BE9B5D600ECB367 /* stars-1.png */; settings = {ASSET_TAGS = (); }; };
		6CFDC6E91BE9B5D600ECB367 /* stars-10.png in Resources */ = {isa = PBXBuildFile; fileRef = 6CFDC6941BE9B5D600ECB367 /* stars-10.png */; settings = {ASSET_TAGS = (); }; };
		6CFDC6EA1BE9B5D600ECB367 /* stars-11.png in Resources */ = {isa = PBXBuildFile; fileRef = 6CFDC6951BE9B5D600ECB367 /* stars-11.png */; settings = {ASSET_TAGS = (); }; };
		6CFDC6EB1BE9B5D600ECB367 /* stars-12.png in Resources */ = {isa = PBXBuildFile; fileRef = 6CFDC6961BE9B5D600ECB367 /* stars-12.png */; settings = {ASSET_TAGS = (); }; };
		6CFDC6EC1BE9B5D600ECB367 /* stars-13.png in Resources */ = {isa = PBXBuildFile; fileRef = 6CFDC6971BE9B5D600ECB367 /* stars-13.png */; settings = {ASSET_TAGS = (); }; };
		6CFDC6ED1BE9B5D600ECB367 /* stars-14.png in Resources */ = {isa = PBXBuildFile; fileRef = 6CFDC6981BE9B5D600ECB367 /* stars-14.png */; settings = {ASSET_TAGS = (); }; };
		6CFDC6EE1BE9B5D600ECB367 /* stars-15.png in Resources */ = {isa = PBXBuildFile; fileRef = 6CFDC6991BE9B5D600ECB367 /* stars-15.png */; settings = {ASSET_TAGS = (); }; };
		6CFDC6EF1BE9B5D600ECB367 /* stars-16.png in Resources */ = {isa = PBXBuildFile; fileRef = 6CFDC69A1BE9B5D600ECB367 /* stars-16.png */; settings = {ASSET_TAGS = (); }; };
		6CFDC6F01BE9B5D600ECB367 /* stars-17.png in Resources */ = {isa = PBXBuildFile; fileRef = 6CFDC69B1BE9B5D600ECB367 /* stars-17.png */; settings = {ASSET_TAGS = (); }; };
		6CFDC6F11BE9B5D600ECB367 /* stars-18.png in Resources */ = {isa = PBXBuildFile; fileRef = 6CFDC69C1BE9B5D600ECB367 /* stars-18.png */; settings = {ASSET_TAGS = (); }; };
		6CFDC6F21BE9B5D600ECB367 /* stars-19.png in Resources */ = {isa = PBXBuildFile; fileRef = 6CFDC69D1BE9B5D600ECB367 /* stars-19.png */; settings = {ASSET_TAGS = (); }; };
		6CFDC6F31BE9B5D600ECB367 /* stars-2.png in Resources */ = {isa = PBXBuildFile; fileRef = 6CFDC69E1BE9B5D600ECB367 /* stars-2.png */; settings = {ASSET_TAGS = (); }; };
		6CFDC6F41BE9B5D600ECB367 /* stars-20.png in Resources */ = {isa = PBXBuildFile; fileRef = 6CFDC69F1BE9B5D600ECB367 /* stars-20.png */; settings = {ASSET_TAGS = (); }; };
		6CFDC6F51BE9B5D600ECB367 /* stars-21.png in Resources */ = {isa = PBXBuildFile; fileRef = 6CFDC6A01BE9B5D600ECB367 /* stars-21.png */; settings = {ASSET_TAGS = (); }; };
		6CFDC6F61BE9B5D600ECB367 /* stars-22.png in Resources */ = {isa = PBXBuildFile; fileRef = 6CFDC6A11BE9B5D600ECB367 /* stars-22.png */; settings = {ASSET_TAGS = (); }; };
		6CFDC6F71BE9B5D600ECB367 /* stars-23.png in Resources */ = {isa = PBXBuildFile; fileRef = 6CFDC6A21BE9B5D600ECB367 /* stars-23.png */; settings = {ASSET_TAGS = (); }; };
		6CFDC6F81BE9B5D600ECB367 /* stars-24.png in Resources */ = {isa = PBXBuildFile; fileRef = 6CFDC6A31BE9B5D600ECB367 /* stars-24.png */; settings = {ASSET_TAGS = (); }; };
		6CFDC6F91BE9B5D600ECB367 /* stars-25.png in Resources */ = {isa = PBXBuildFile; fileRef = 6CFDC6A41BE9B5D600ECB367 /* stars-25.png */; settings = {ASSET_TAGS = (); }; };
		6CFDC6FA1BE9B5D600ECB367 /* stars-26.png in Resources */ = {isa = PBXBuildFile; fileRef = 6CFDC6A51BE9B5D600ECB367 /* stars-26.png */; settings = {ASSET_TAGS = (); }; };
		6CFDC6FB1BE9B5D600ECB367 /* stars-27.png in Resources */ = {isa = PBXBuildFile; fileRef = 6CFDC6A61BE9B5D600ECB367 /* stars-27.png */; settings = {ASSET_TAGS = (); }; };
		6CFDC6FC1BE9B5D600ECB367 /* stars-28.png in Resources */ = {isa = PBXBuildFile; fileRef = 6CFDC6A71BE9B5D600ECB367 /* stars-28.png */; settings = {ASSET_TAGS = (); }; };
		6CFDC6FD1BE9B5D600ECB367 /* stars-29.png in Resources */ = {isa = PBXBuildFile; fileRef = 6CFDC6A81BE9B5D600ECB367 /* stars-29.png */; settings = {ASSET_TAGS = (); }; };
		6CFDC6FE1BE9B5D600ECB367 /* stars-3.png in Resources */ = {isa = PBXBuildFile; fileRef = 6CFDC6A91BE9B5D600ECB367 /* stars-3.png */; settings = {ASSET_TAGS = (); }; };
		6CFDC6FF1BE9B5D600ECB367 /* stars-30.png in Resources */ = {isa = PBXBuildFile; fileRef = 6CFDC6AA1BE9B5D600ECB367 /* stars-30.png */; settings = {ASSET_TAGS = (); }; };
		6CFDC7001BE9B5D600ECB367 /* stars-31.png in Resources */ = {isa = PBXBuildFile; fileRef = 6CFDC6AB1BE9B5D600ECB367 /* stars-31.png */; settings = {ASSET_TAGS = (); }; };
		6CFDC7011BE9B5D600ECB367 /* stars-32.png in Resources */ = {isa = PBXBuildFile; fileRef = 6CFDC6AC1BE9B5D600ECB367 /* stars-32.png */; settings = {ASSET_TAGS = (); }; };
		6CFDC7021BE9B5D600ECB367 /* stars-33.png in Resources */ = {isa = PBXBuildFile; fileRef = 6CFDC6AD1BE9B5D600ECB367 /* stars-33.png */; settings = {ASSET_TAGS = (); }; };
		6CFDC7031BE9B5D600ECB367 /* stars-34.png in Resources */ = {isa = PBXBuildFile; fileRef = 6CFDC6AE1BE9B5D600ECB367 /* stars-34.png */; settings = {ASSET_TAGS = (); }; };
		6CFDC7041BE9B5D600ECB367 /* stars-35.png in Resources */ = {isa = PBXBuildFile; fileRef = 6CFDC6AF1BE9B5D600ECB367 /* stars-35.png */; settings = {ASSET_TAGS = (); }; };
		6CFDC7051BE9B5D600ECB367 /* stars-36.png in Resources */ = {isa = PBXBuildFile; fileRef = 6CFDC6B01BE9B5D600ECB367 /* stars-36.png */; settings = {ASSET_TAGS = (); }; };
		6CFDC7061BE9B5D600ECB367 /* stars-37.png in Resources */ = {isa = PBXBuildFile; fileRef = 6CFDC6B11BE9B5D600ECB367 /* stars-37.png */; settings = {ASSET_TAGS = (); }; };
		6CFDC7071BE9B5D600ECB367 /* stars-38.png in Resources */ = {isa = PBXBuildFile; fileRef = 6CFDC6B21BE9B5D600ECB367 /* stars-38.png */; settings = {ASSET_TAGS = (); }; };
		6CFDC7081BE9B5D600ECB367 /* stars-39.png in Resources */ = {isa = PBXBuildFile; fileRef = 6CFDC6B31BE9B5D600ECB367 /* stars-39.png */; settings = {ASSET_TAGS = (); }; };
		6CFDC7091BE9B5D600ECB367 /* stars-4.png in Resources */ = {isa = PBXBuildFile; fileRef = 6CFDC6B41BE9B5D600ECB367 /* stars-4.png */; settings = {ASSET_TAGS = (); }; };
		6CFDC70A1BE9B5D600ECB367 /* stars-40.png in Resources */ = {isa = PBXBuildFile; fileRef = 6CFDC6B51BE9B5D600ECB367 /* stars-40.png */; settings = {ASSET_TAGS = (); }; };
		6CFDC70B1BE9B5D600ECB367 /* stars-41.png in Resources */ = {isa = PBXBuildFile; fileRef = 6CFDC6B61BE9B5D600ECB367 /* stars-41.png */; settings = {ASSET_TAGS = (); }; };
		6CFDC70C1BE9B5D600ECB367 /* stars-42.png in Resources */ = {isa = PBXBuildFile; fileRef = 6CFDC6B71BE9B5D600ECB367 /* stars-42.png */; settings = {ASSET_TAGS = (); }; };
		6CFDC70D1BE9B5D600ECB367 /* stars-43.png in Resources */ = {isa = PBXBuildFile; fileRef = 6CFDC6B81BE9B5D600ECB367 /* stars-43.png */; settings = {ASSET_TAGS = (); }; };
		6CFDC70E1BE9B5D600ECB367 /* stars-44.png in Resources */ = {isa = PBXBuildFile; fileRef = 6CFDC6B91BE9B5D600ECB367 /* stars-44.png */; settings = {ASSET_TAGS = (); }; };
		6CFDC70F1BE9B5D600ECB367 /* stars-45.png in Resources */ = {isa = PBXBuildFile; fileRef = 6CFDC6BA1BE9B5D600ECB367 /* stars-45.png */; settings = {ASSET_TAGS = (); }; };
		6CFDC7101BE9B5D600ECB367 /* stars-46.png in Resources */ = {isa = PBXBuildFile; fileRef = 6CFDC6BB1BE9B5D600ECB367 /* stars-46.png */; settings = {ASSET_TAGS = (); }; };
		6CFDC7111BE9B5D600ECB367 /* stars-47.png in Resources */ = {isa = PBXBuildFile; fileRef = 6CFDC6BC1BE9B5D600ECB367 /* stars-47.png */; settings = {ASSET_TAGS = (); }; };
		6CFDC7121BE9B5D600ECB367 /* stars-48.png in Resources */ = {isa = PBXBuildFile; fileRef = 6CFDC6BD1BE9B5D600ECB367 /* stars-48.png */; settings = {ASSET_TAGS = (); }; };
		6CFDC7131BE9B5D600ECB367 /* stars-49.png in Resources */ = {isa = PBXBuildFile; fileRef = 6CFDC6BE1BE9B5D600ECB367 /* stars-49.png */; settings = {ASSET_TAGS = (); }; };
		6CFDC7141BE9B5D600ECB367 /* stars-5.png in Resources */ = {isa = PBXBuildFile; fileRef = 6CFDC6BF1BE9B5D600ECB367 /* stars-5.png */; settings = {ASSET_TAGS = (); }; };
		6CFDC7151BE9B5D600ECB367 /* stars-50.png in Resources */ = {isa = PBXBuildFile; fileRef = 6CFDC6C01BE9B5D600ECB367 /* stars-50.png */; settings = {ASSET_TAGS = (); }; };
		6CFDC7161BE9B5D600ECB367 /* stars-51.png in Resources */ = {isa = PBXBuildFile; fileRef = 6CFDC6C11BE9B5D600ECB367 /* stars-51.png */; settings = {ASSET_TAGS = (); }; };
		6CFDC7171BE9B5D600ECB367 /* stars-52.png in Resources */ = {isa = PBXBuildFile; fileRef = 6CFDC6C21BE9B5D600ECB367 /* stars-52.png */; settings = {ASSET_TAGS = (); }; };
		6CFDC7181BE9B5D600ECB367 /* stars-53.png in Resources */ = {isa = PBXBuildFile; fileRef = 6CFDC6C31BE9B5D600ECB367 /* stars-53.png */; settings = {ASSET_TAGS = (); }; };
		6CFDC7191BE9B5D600ECB367 /* stars-54.png in Resources */ = {isa = PBXBuildFile; fileRef = 6CFDC6C41BE9B5D600ECB367 /* stars-54.png */; settings = {ASSET_TAGS = (); }; };
		6CFDC71A1BE9B5D600ECB367 /* stars-55.png in Resources */ = {isa = PBXBuildFile; fileRef = 6CFDC6C51BE9B5D600ECB367 /* stars-55.png */; settings = {ASSET_TAGS = (); }; };
		6CFDC71B1BE9B5D600ECB367 /* stars-56.png in Resources */ = {isa = PBXBuildFile; fileRef = 6CFDC6C61BE9B5D600ECB367 /* stars-56.png */; settings = {ASSET_TAGS = (); }; };
		6CFDC71C1BE9B5D600ECB367 /* stars-57.png in Resources */ = {isa = PBXBuildFile; fileRef = 6CFDC6C71BE9B5D600ECB367 /* stars-57.png */; settings = {ASSET_TAGS = (); }; };
		6CFDC71D1BE9B5D600ECB367 /* stars-58.png in Resources */ = {isa = PBXBuildFile; fileRef = 6CFDC6C81BE9B5D600ECB367 /* stars-58.png */; settings = {ASSET_TAGS = (); }; };
		6CFDC71E1BE9B5D600ECB367 /* stars-59.png in Resources */ = {isa = PBXBuildFile; fileRef = 6CFDC6C91BE9B5D600ECB367 /* stars-59.png */; settings = {ASSET_TAGS = (); }; };
		6CFDC71F1BE9B5D600ECB367 /* stars-6.png in Resources */ = {isa = PBXBuildFile; fileRef = 6CFDC6CA1BE9B5D600ECB367 /* stars-6.png */; settings = {ASSET_TAGS = (); }; };
		6CFDC7201BE9B5D600ECB367 /* stars-60.png in Resources */ = {isa = PBXBuildFile; fileRef = 6CFDC6CB1BE9B5D600ECB367 /* stars-60.png */; settings = {ASSET_TAGS = (); }; };
		6CFDC7211BE9B5D600ECB367 /* stars-61.png in Resources */ = {isa = PBXBuildFile; fileRef = 6CFDC6CC1BE9B5D600ECB367 /* stars-61.png */; settings = {ASSET_TAGS = (); }; };
		6CFDC7221BE9B5D600ECB367 /* stars-62.png in Resources */ = {isa = PBXBuildFile; fileRef = 6CFDC6CD1BE9B5D600ECB367 /* stars-62.png */; settings = {ASSET_TAGS = (); }; };
		6CFDC7231BE9B5D600ECB367 /* stars-63.png in Resources */ = {isa = PBXBuildFile; fileRef = 6CFDC6CE1BE9B5D600ECB367 /* stars-63.png */; settings = {ASSET_TAGS = (); }; };
		6CFDC7241BE9B5D600ECB367 /* stars-64.png in Resources */ = {isa = PBXBuildFile; fileRef = 6CFDC6CF1BE9B5D600ECB367 /* stars-64.png */; settings = {ASSET_TAGS = (); }; };
		6CFDC7251BE9B5D600ECB367 /* stars-65.png in Resources */ = {isa = PBXBuildFile; fileRef = 6CFDC6D01BE9B5D600ECB367 /* stars-65.png */; settings = {ASSET_TAGS = (); }; };
		6CFDC7261BE9B5D600ECB367 /* stars-66.png in Resources */ = {isa = PBXBuildFile; fileRef = 6CFDC6D11BE9B5D600ECB367 /* stars-66.png */; settings = {ASSET_TAGS = (); }; };
		6CFDC7271BE9B5D600ECB367 /* stars-67.png in Resources */ = {isa = PBXBuildFile; fileRef = 6CFDC6D21BE9B5D600ECB367 /* stars-67.png */; settings = {ASSET_TAGS = (); }; };
		6CFDC7281BE9B5D600ECB367 /* stars-68.png in Resources */ = {isa = PBXBuildFile; fileRef = 6CFDC6D31BE9B5D600ECB367 /* stars-68.png */; settings = {ASSET_TAGS = (); }; };
		6CFDC7291BE9B5D600ECB367 /* stars-69.png in Resources */ = {isa = PBXBuildFile; fileRef = 6CFDC6D41BE9B5D600ECB367 /* stars-69.png */; settings = {ASSET_TAGS = (); }; };
		6CFDC72A1BE9B5D600ECB367 /* stars-7.png in Resources */ = {isa = PBXBuildFile; fileRef = 6CFDC6D51BE9B5D600ECB367 /* stars-7.png */; settings = {ASSET_TAGS = (); }; };
		6CFDC72B1BE9B5D600ECB367 /* stars-70.png in Resources */ = {isa = PBXBuildFile; fileRef = 6CFDC6D61BE9B5D600ECB367 /* stars-70.png */; settings = {ASSET_TAGS = (); }; };
		6CFDC72C1BE9B5D600ECB367 /* stars-71.png in Resources */ = {isa = PBXBuildFile; fileRef = 6CFDC6D71BE9B5D600ECB367 /* stars-71.png */; settings = {ASSET_TAGS = (); }; };
		6CFDC72D1BE9B5D600ECB367 /* stars-72.png in Resources */ = {isa = PBXBuildFile; fileRef = 6CFDC6D81BE9B5D600ECB367 /* stars-72.png */; settings = {ASSET_TAGS = (); }; };
		6CFDC72E1BE9B5D600ECB367 /* stars-73.png in Resources */ = {isa = PBXBuildFile; fileRef = 6CFDC6D91BE9B5D600ECB367 /* stars-73.png */; settings = {ASSET_TAGS = (); }; };
		6CFDC72F1BE9B5D600ECB367 /* stars-74.png in Resources */ = {isa = PBXBuildFile; fileRef = 6CFDC6DA1BE9B5D600ECB367 /* stars-74.png */; settings = {ASSET_TAGS = (); }; };
		6CFDC7301BE9B5D600ECB367 /* stars-75.png in Resources */ = {isa = PBXBuildFile; fileRef = 6CFDC6DB1BE9B5D600ECB367 /* stars-75.png */; settings = {ASSET_TAGS = (); }; };
		6CFDC7311BE9B5D600ECB367 /* stars-76.png in Resources */ = {isa = PBXBuildFile; fileRef = 6CFDC6DC1BE9B5D600ECB367 /* stars-76.png */; settings = {ASSET_TAGS = (); }; };
		6CFDC7321BE9B5D600ECB367 /* stars-77.png in Resources */ = {isa = PBXBuildFile; fileRef = 6CFDC6DD1BE9B5D600ECB367 /* stars-77.png */; settings = {ASSET_TAGS = (); }; };
		6CFDC7331BE9B5D600ECB367 /* stars-78.png in Resources */ = {isa = PBXBuildFile; fileRef = 6CFDC6DE1BE9B5D600ECB367 /* stars-78.png */; settings = {ASSET_TAGS = (); }; };
		6CFDC7341BE9B5D600ECB367 /* stars-79.png in Resources */ = {isa = PBXBuildFile; fileRef = 6CFDC6DF1BE9B5D600ECB367 /* stars-79.png */; settings = {ASSET_TAGS = (); }; };
		6CFDC7351BE9B5D600ECB367 /* stars-8.png in Resources */ = {isa = PBXBuildFile; fileRef = 6CFDC6E01BE9B5D600ECB367 /* stars-8.png */; settings = {ASSET_TAGS = (); }; };
		6CFDC7361BE9B5D600ECB367 /* stars-80.png in Resources */ = {isa = PBXBuildFile; fileRef = 6CFDC6E11BE9B5D600ECB367 /* stars-80.png */; settings = {ASSET_TAGS = (); }; };
		6CFDC7371BE9B5D600ECB367 /* stars-81.png in Resources */ = {isa = PBXBuildFile; fileRef = 6CFDC6E21BE9B5D600ECB367 /* stars-81.png */; settings = {ASSET_TAGS = (); }; };
		6CFDC7381BE9B5D600ECB367 /* stars-82.png in Resources */ = {isa = PBXBuildFile; fileRef = 6CFDC6E31BE9B5D600ECB367 /* stars-82.png */; settings = {ASSET_TAGS = (); }; };
		6CFDC7391BE9B5D600ECB367 /* stars-83.png in Resources */ = {isa = PBXBuildFile; fileRef = 6CFDC6E41BE9B5D600ECB367 /* stars-83.png */; settings = {ASSET_TAGS = (); }; };
		6CFDC73A1BE9B5D600ECB367 /* stars-84.png in Resources */ = {isa = PBXBuildFile; fileRef = 6CFDC6E51BE9B5D600ECB367 /* stars-84.png */; settings = {ASSET_TAGS = (); }; };
		6CFDC73B1BE9B5D600ECB367 /* stars-9.png in Resources */ = {isa = PBXBuildFile; fileRef = 6CFDC6E61BE9B5D600ECB367 /* stars-9.png */; settings = {ASSET_TAGS = (); }; };
/* End PBXBuildFile section */

/* Begin PBXFileReference section */
		6CFDC6341BE9B30D00ECB367 /* GIFRefresh.app */ = {isa = PBXFileReference; explicitFileType = wrapper.application; includeInIndex = 0; path = GIFRefresh.app; sourceTree = BUILT_PRODUCTS_DIR; };
		6CFDC6381BE9B30D00ECB367 /* main.m */ = {isa = PBXFileReference; lastKnownFileType = sourcecode.c.objc; path = main.m; sourceTree = "<group>"; };
		6CFDC63A1BE9B30D00ECB367 /* AppDelegate.h */ = {isa = PBXFileReference; lastKnownFileType = sourcecode.c.h; path = AppDelegate.h; sourceTree = "<group>"; };
		6CFDC63B1BE9B30D00ECB367 /* AppDelegate.m */ = {isa = PBXFileReference; lastKnownFileType = sourcecode.c.objc; path = AppDelegate.m; sourceTree = "<group>"; };
		6CFDC63D1BE9B30D00ECB367 /* ViewController.h */ = {isa = PBXFileReference; lastKnownFileType = sourcecode.c.h; path = ViewController.h; sourceTree = "<group>"; };
		6CFDC63E1BE9B30D00ECB367 /* ViewController.m */ = {isa = PBXFileReference; lastKnownFileType = sourcecode.c.objc; path = ViewController.m; sourceTree = "<group>"; };
		6CFDC6411BE9B30D00ECB367 /* Base */ = {isa = PBXFileReference; lastKnownFileType = file.storyboard; name = Base; path = Base.lproj/Main.storyboard; sourceTree = "<group>"; };
		6CFDC6431BE9B30E00ECB367 /* Assets.xcassets */ = {isa = PBXFileReference; lastKnownFileType = folder.assetcatalog; path = Assets.xcassets; sourceTree = "<group>"; };
		6CFDC6461BE9B30E00ECB367 /* Base */ = {isa = PBXFileReference; lastKnownFileType = file.storyboard; name = Base; path = Base.lproj/LaunchScreen.storyboard; sourceTree = "<group>"; };
		6CFDC6481BE9B30E00ECB367 /* Info.plist */ = {isa = PBXFileReference; lastKnownFileType = text.plist.xml; path = Info.plist; sourceTree = "<group>"; };
		6CFDC6501BE9B4D300ECB367 /* MJRefreshAutoFooter.h */ = {isa = PBXFileReference; fileEncoding = 4; lastKnownFileType = sourcecode.c.h; path = MJRefreshAutoFooter.h; sourceTree = "<group>"; };
		6CFDC6511BE9B4D300ECB367 /* MJRefreshAutoFooter.m */ = {isa = PBXFileReference; fileEncoding = 4; lastKnownFileType = sourcecode.c.objc; path = MJRefreshAutoFooter.m; sourceTree = "<group>"; };
		6CFDC6521BE9B4D300ECB367 /* MJRefreshBackFooter.h */ = {isa = PBXFileReference; fileEncoding = 4; lastKnownFileType = sourcecode.c.h; path = MJRefreshBackFooter.h; sourceTree = "<group>"; };
		6CFDC6531BE9B4D300ECB367 /* MJRefreshBackFooter.m */ = {isa = PBXFileReference; fileEncoding = 4; lastKnownFileType = sourcecode.c.objc; path = MJRefreshBackFooter.m; sourceTree = "<group>"; };
		6CFDC6541BE9B4D300ECB367 /* MJRefreshComponent.h */ = {isa = PBXFileReference; fileEncoding = 4; lastKnownFileType = sourcecode.c.h; path = MJRefreshComponent.h; sourceTree = "<group>"; };
		6CFDC6551BE9B4D300ECB367 /* MJRefreshComponent.m */ = {isa = PBXFileReference; fileEncoding = 4; lastKnownFileType = sourcecode.c.objc; path = MJRefreshComponent.m; sourceTree = "<group>"; };
		6CFDC6561BE9B4D300ECB367 /* MJRefreshFooter.h */ = {isa = PBXFileReference; fileEncoding = 4; lastKnownFileType = sourcecode.c.h; path = MJRefreshFooter.h; sourceTree = "<group>"; };
		6CFDC6571BE9B4D300ECB367 /* MJRefreshFooter.m */ = {isa = PBXFileReference; fileEncoding = 4; lastKnownFileType = sourcecode.c.objc; path = MJRefreshFooter.m; sourceTree = "<group>"; };
		6CFDC6581BE9B4D300ECB367 /* MJRefreshHeader.h */ = {isa = PBXFileReference; fileEncoding = 4; lastKnownFileType = sourcecode.c.h; path = MJRefreshHeader.h; sourceTree = "<group>"; };
		6CFDC6591BE9B4D300ECB367 /* MJRefreshHeader.m */ = {isa = PBXFileReference; fileEncoding = 4; lastKnownFileType = sourcecode.c.objc; path = MJRefreshHeader.m; sourceTree = "<group>"; };
		6CFDC65D1BE9B4D300ECB367 /* MJRefreshAutoGifFooter.h */ = {isa = PBXFileReference; fileEncoding = 4; lastKnownFileType = sourcecode.c.h; path = MJRefreshAutoGifFooter.h; sourceTree = "<group>"; };
		6CFDC65E1BE9B4D300ECB367 /* MJRefreshAutoGifFooter.m */ = {isa = PBXFileReference; fileEncoding = 4; lastKnownFileType = sourcecode.c.objc; path = MJRefreshAutoGifFooter.m; sourceTree = "<group>"; };
		6CFDC65F1BE9B4D300ECB367 /* MJRefreshAutoNormalFooter.h */ = {isa = PBXFileReference; fileEncoding = 4; lastKnownFileType = sourcecode.c.h; path = MJRefreshAutoNormalFooter.h; sourceTree = "<group>"; };
		6CFDC6601BE9B4D300ECB367 /* MJRefreshAutoNormalFooter.m */ = {isa = PBXFileReference; fileEncoding = 4; lastKnownFileType = sourcecode.c.objc; path = MJRefreshAutoNormalFooter.m; sourceTree = "<group>"; };
		6CFDC6611BE9B4D300ECB367 /* MJRefreshAutoStateFooter.h */ = {isa = PBXFileReference; fileEncoding = 4; lastKnownFileType = sourcecode.c.h; path = MJRefreshAutoStateFooter.h; sourceTree = "<group>"; };
		6CFDC6621BE9B4D300ECB367 /* MJRefreshAutoStateFooter.m */ = {isa = PBXFileReference; fileEncoding = 4; lastKnownFileType = sourcecode.c.objc; path = MJRefreshAutoStateFooter.m; sourceTree = "<group>"; };
		6CFDC6641BE9B4D300ECB367 /* MJRefreshBackGifFooter.h */ = {isa = PBXFileReference; fileEncoding = 4; lastKnownFileType = sourcecode.c.h; path = MJRefreshBackGifFooter.h; sourceTree = "<group>"; };
		6CFDC6651BE9B4D300ECB367 /* MJRefreshBackGifFooter.m */ = {isa = PBXFileReference; fileEncoding = 4; lastKnownFileType = sourcecode.c.objc; path = MJRefreshBackGifFooter.m; sourceTree = "<group>"; };
		6CFDC6661BE9B4D300ECB367 /* MJRefreshBackNormalFooter.h */ = {isa = PBXFileReference; fileEncoding = 4; lastKnownFileType = sourcecode.c.h; path = MJRefreshBackNormalFooter.h; sourceTree = "<group>"; };
		6CFDC6671BE9B4D300ECB367 /* MJRefreshBackNormalFooter.m */ = {isa = PBXFileReference; fileEncoding = 4; lastKnownFileType = sourcecode.c.objc; path = MJRefreshBackNormalFooter.m; sourceTree = "<group>"; };
		6CFDC6681BE9B4D300ECB367 /* MJRefreshBackStateFooter.h */ = {isa = PBXFileReference; fileEncoding = 4; lastKnownFileType = sourcecode.c.h; path = MJRefreshBackStateFooter.h; sourceTree = "<group>"; };
		6CFDC6691BE9B4D300ECB367 /* MJRefreshBackStateFooter.m */ = {isa = PBXFileReference; fileEncoding = 4; lastKnownFileType = sourcecode.c.objc; path = MJRefreshBackStateFooter.m; sourceTree = "<group>"; };
		6CFDC66B1BE9B4D300ECB367 /* MJRefreshGifHeader.h */ = {isa = PBXFileReference; fileEncoding = 4; lastKnownFileType = sourcecode.c.h; path = MJRefreshGifHeader.h; sourceTree = "<group>"; };
		6CFDC66C1BE9B4D300ECB367 /* MJRefreshGifHeader.m */ = {isa = PBXFileReference; fileEncoding = 4; lastKnownFileType = sourcecode.c.objc; path = MJRefreshGifHeader.m; sourceTree = "<group>"; };
		6CFDC66D1BE9B4D300ECB367 /* MJRefreshNormalHeader.h */ = {isa = PBXFileReference; fileEncoding = 4; lastKnownFileType = sourcecode.c.h; path = MJRefreshNormalHeader.h; sourceTree = "<group>"; };
		6CFDC66E1BE9B4D300ECB367 /* MJRefreshNormalHeader.m */ = {isa = PBXFileReference; fileEncoding = 4; lastKnownFileType = sourcecode.c.objc; path = MJRefreshNormalHeader.m; sourceTree = "<group>"; };
		6CFDC66F1BE9B4D300ECB367 /* MJRefreshStateHeader.h */ = {isa = PBXFileReference; fileEncoding = 4; lastKnownFileType = sourcecode.c.h; path = MJRefreshStateHeader.h; sourceTree = "<group>"; };
		6CFDC6701BE9B4D300ECB367 /* MJRefreshStateHeader.m */ = {isa = PBXFileReference; fileEncoding = 4; lastKnownFileType = sourcecode.c.objc; path = MJRefreshStateHeader.m; sourceTree = "<group>"; };
		6CFDC6711BE9B4D300ECB367 /* MJRefresh.bundle */ = {isa = PBXFileReference; lastKnownFileType = "wrapper.plug-in"; path = MJRefresh.bundle; sourceTree = "<group>"; };
		6CFDC6721BE9B4D300ECB367 /* MJRefresh.h */ = {isa = PBXFileReference; fileEncoding = 4; lastKnownFileType = sourcecode.c.h; path = MJRefresh.h; sourceTree = "<group>"; };
		6CFDC6731BE9B4D300ECB367 /* MJRefreshConst.h */ = {isa = PBXFileReference; fileEncoding = 4; lastKnownFileType = sourcecode.c.h; path = MJRefreshConst.h; sourceTree = "<group>"; };
		6CFDC6741BE9B4D300ECB367 /* MJRefreshConst.m */ = {isa = PBXFileReference; fileEncoding = 4; lastKnownFileType = sourcecode.c.objc; path = MJRefreshConst.m; sourceTree = "<group>"; };
		6CFDC6751BE9B4D300ECB367 /* UIScrollView+MJExtension.h */ = {isa = PBXFileReference; fileEncoding = 4; lastKnownFileType = sourcecode.c.h; path = "UIScrollView+MJExtension.h"; sourceTree = "<group>"; };
		6CFDC6761BE9B4D300ECB367 /* UIScrollView+MJExtension.m */ = {isa = PBXFileReference; fileEncoding = 4; lastKnownFileType = sourcecode.c.objc; path = "UIScrollView+MJExtension.m"; sourceTree = "<group>"; };
		6CFDC6771BE9B4D300ECB367 /* UIScrollView+MJRefresh.h */ = {isa = PBXFileReference; fileEncoding = 4; lastKnownFileType = sourcecode.c.h; path = "UIScrollView+MJRefresh.h"; sourceTree = "<group>"; };
		6CFDC6781BE9B4D300ECB367 /* UIScrollView+MJRefresh.m */ = {isa = PBXFileReference; fileEncoding = 4; lastKnownFileType = sourcecode.c.objc; path = "UIScrollView+MJRefresh.m"; sourceTree = "<group>"; };
		6CFDC6791BE9B4D300ECB367 /* UIView+MJExtension.h */ = {isa = PBXFileReference; fileEncoding = 4; lastKnownFileType = sourcecode.c.h; path = "UIView+MJExtension.h"; sourceTree = "<group>"; };
		6CFDC67A1BE9B4D300ECB367 /* UIView+MJExtension.m */ = {isa = PBXFileReference; fileEncoding = 4; lastKnownFileType = sourcecode.c.objc; path = "UIView+MJExtension.m"; sourceTree = "<group>"; };
		6CFDC68E1BE9B51200ECB367 /* GTRefreshGifHeader.h */ = {isa = PBXFileReference; fileEncoding = 4; lastKnownFileType = sourcecode.c.h; path = GTRefreshGifHeader.h; sourceTree = "<group>"; };
		6CFDC68F1BE9B51200ECB367 /* GTRefreshGifHeader.m */ = {isa = PBXFileReference; fileEncoding = 4; lastKnownFileType = sourcecode.c.objc; path = GTRefreshGifHeader.m; sourceTree = "<group>"; };
		6CFDC6921BE9B5D600ECB367 /* stars-0.png */ = {isa = PBXFileReference; lastKnownFileType = image.png; path = "stars-0.png"; sourceTree = "<group>"; };
		6CFDC6931BE9B5D600ECB367 /* stars-1.png */ = {isa = PBXFileReference; lastKnownFileType = image.png; path = "stars-1.png"; sourceTree = "<group>"; };
		6CFDC6941BE9B5D600ECB367 /* stars-10.png */ = {isa = PBXFileReference; lastKnownFileType = image.png; path = "stars-10.png"; sourceTree = "<group>"; };
		6CFDC6951BE9B5D600ECB367 /* stars-11.png */ = {isa = PBXFileReference; lastKnownFileType = image.png; path = "stars-11.png"; sourceTree = "<group>"; };
		6CFDC6961BE9B5D600ECB367 /* stars-12.png */ = {isa = PBXFileReference; lastKnownFileType = image.png; path = "stars-12.png"; sourceTree = "<group>"; };
		6CFDC6971BE9B5D600ECB367 /* stars-13.png */ = {isa = PBXFileReference; lastKnownFileType = image.png; path = "stars-13.png"; sourceTree = "<group>"; };
		6CFDC6981BE9B5D600ECB367 /* stars-14.png */ = {isa = PBXFileReference; lastKnownFileType = image.png; path = "stars-14.png"; sourceTree = "<group>"; };
		6CFDC6991BE9B5D600ECB367 /* stars-15.png */ = {isa = PBXFileReference; lastKnownFileType = image.png; path = "stars-15.png"; sourceTree = "<group>"; };
		6CFDC69A1BE9B5D600ECB367 /* stars-16.png */ = {isa = PBXFileReference; lastKnownFileType = image.png; path = "stars-16.png"; sourceTree = "<group>"; };
		6CFDC69B1BE9B5D600ECB367 /* stars-17.png */ = {isa = PBXFileReference; lastKnownFileType = image.png; path = "stars-17.png"; sourceTree = "<group>"; };
		6CFDC69C1BE9B5D600ECB367 /* stars-18.png */ = {isa = PBXFileReference; lastKnownFileType = image.png; path = "stars-18.png"; sourceTree = "<group>"; };
		6CFDC69D1BE9B5D600ECB367 /* stars-19.png */ = {isa = PBXFileReference; lastKnownFileType = image.png; path = "stars-19.png"; sourceTree = "<group>"; };
		6CFDC69E1BE9B5D600ECB367 /* stars-2.png */ = {isa = PBXFileReference; lastKnownFileType = image.png; path = "stars-2.png"; sourceTree = "<group>"; };
		6CFDC69F1BE9B5D600ECB367 /* stars-20.png */ = {isa = PBXFileReference; lastKnownFileType = image.png; path = "stars-20.png"; sourceTree = "<group>"; };
		6CFDC6A01BE9B5D600ECB367 /* stars-21.png */ = {isa = PBXFileReference; lastKnownFileType = image.png; path = "stars-21.png"; sourceTree = "<group>"; };
		6CFDC6A11BE9B5D600ECB367 /* stars-22.png */ = {isa = PBXFileReference; lastKnownFileType = image.png; path = "stars-22.png"; sourceTree = "<group>"; };
		6CFDC6A21BE9B5D600ECB367 /* stars-23.png */ = {isa = PBXFileReference; lastKnownFileType = image.png; path = "stars-23.png"; sourceTree = "<group>"; };
		6CFDC6A31BE9B5D600ECB367 /* stars-24.png */ = {isa = PBXFileReference; lastKnownFileType = image.png; path = "stars-24.png"; sourceTree = "<group>"; };
		6CFDC6A41BE9B5D600ECB367 /* stars-25.png */ = {isa = PBXFileReference; lastKnownFileType = image.png; path = "stars-25.png"; sourceTree = "<group>"; };
		6CFDC6A51BE9B5D600ECB367 /* stars-26.png */ = {isa = PBXFileReference; lastKnownFileType = image.png; path = "stars-26.png"; sourceTree = "<group>"; };
		6CFDC6A61BE9B5D600ECB367 /* stars-27.png */ = {isa = PBXFileReference; lastKnownFileType = image.png; path = "stars-27.png"; sourceTree = "<group>"; };
		6CFDC6A71BE9B5D600ECB367 /* stars-28.png */ = {isa = PBXFileReference; lastKnownFileType = image.png; path = "stars-28.png"; sourceTree = "<group>"; };
		6CFDC6A81BE9B5D600ECB367 /* stars-29.png */ = {isa = PBXFileReference; lastKnownFileType = image.png; path = "stars-29.png"; sourceTree = "<group>"; };
		6CFDC6A91BE9B5D600ECB367 /* stars-3.png */ = {isa = PBXFileReference; lastKnownFileType = image.png; path = "stars-3.png"; sourceTree = "<group>"; };
		6CFDC6AA1BE9B5D600ECB367 /* stars-30.png */ = {isa = PBXFileReference; lastKnownFileType = image.png; path = "stars-30.png"; sourceTree = "<group>"; };
		6CFDC6AB1BE9B5D600ECB367 /* stars-31.png */ = {isa = PBXFileReference; lastKnownFileType = image.png; path = "stars-31.png"; sourceTree = "<group>"; };
		6CFDC6AC1BE9B5D600ECB367 /* stars-32.png */ = {isa = PBXFileReference; lastKnownFileType = image.png; path = "stars-32.png"; sourceTree = "<group>"; };
		6CFDC6AD1BE9B5D600ECB367 /* stars-33.png */ = {isa = PBXFileReference; lastKnownFileType = image.png; path = "stars-33.png"; sourceTree = "<group>"; };
		6CFDC6AE1BE9B5D600ECB367 /* stars-34.png */ = {isa = PBXFileReference; lastKnownFileType = image.png; path = "stars-34.png"; sourceTree = "<group>"; };
		6CFDC6AF1BE9B5D600ECB367 /* stars-35.png */ = {isa = PBXFileReference; lastKnownFileType = image.png; path = "stars-35.png"; sourceTree = "<group>"; };
		6CFDC6B01BE9B5D600ECB367 /* stars-36.png */ = {isa = PBXFileReference; lastKnownFileType = image.png; path = "stars-36.png"; sourceTree = "<group>"; };
		6CFDC6B11BE9B5D600ECB367 /* stars-37.png */ = {isa = PBXFileReference; lastKnownFileType = image.png; path = "stars-37.png"; sourceTree = "<group>"; };
		6CFDC6B21BE9B5D600ECB367 /* stars-38.png */ = {isa = PBXFileReference; lastKnownFileType = image.png; path = "stars-38.png"; sourceTree = "<group>"; };
		6CFDC6B31BE9B5D600ECB367 /* stars-39.png */ = {isa = PBXFileReference; lastKnownFileType = image.png; path = "stars-39.png"; sourceTree = "<group>"; };
		6CFDC6B41BE9B5D600ECB367 /* stars-4.png */ = {isa = PBXFileReference; lastKnownFileType = image.png; path = "stars-4.png"; sourceTree = "<group>"; };
		6CFDC6B51BE9B5D600ECB367 /* stars-40.png */ = {isa = PBXFileReference; lastKnownFileType = image.png; path = "stars-40.png"; sourceTree = "<group>"; };
		6CFDC6B61BE9B5D600ECB367 /* stars-41.png */ = {isa = PBXFileReference; lastKnownFileType = image.png; path = "stars-41.png"; sourceTree = "<group>"; };
		6CFDC6B71BE9B5D600ECB367 /* stars-42.png */ = {isa = PBXFileReference; lastKnownFileType = image.png; path = "stars-42.png"; sourceTree = "<group>"; };
		6CFDC6B81BE9B5D600ECB367 /* stars-43.png */ = {isa = PBXFileReference; lastKnownFileType = image.png; path = "stars-43.png"; sourceTree = "<group>"; };
		6CFDC6B91BE9B5D600ECB367 /* stars-44.png */ = {isa = PBXFileReference; lastKnownFileType = image.png; path = "stars-44.png"; sourceTree = "<group>"; };
		6CFDC6BA1BE9B5D600ECB367 /* stars-45.png */ = {isa = PBXFileReference; lastKnownFileType = image.png; path = "stars-45.png"; sourceTree = "<group>"; };
		6CFDC6BB1BE9B5D600ECB367 /* stars-46.png */ = {isa = PBXFileReference; lastKnownFileType = image.png; path = "stars-46.png"; sourceTree = "<group>"; };
		6CFDC6BC1BE9B5D600ECB367 /* stars-47.png */ = {isa = PBXFileReference; lastKnownFileType = image.png; path = "stars-47.png"; sourceTree = "<group>"; };
		6CFDC6BD1BE9B5D600ECB367 /* stars-48.png */ = {isa = PBXFileReference; lastKnownFileType = image.png; path = "stars-48.png"; sourceTree = "<group>"; };
		6CFDC6BE1BE9B5D600ECB367 /* stars-49.png */ = {isa = PBXFileReference; lastKnownFileType = image.png; path = "stars-49.png"; sourceTree = "<group>"; };
		6CFDC6BF1BE9B5D600ECB367 /* stars-5.png */ = {isa = PBXFileReference; lastKnownFileType = image.png; path = "stars-5.png"; sourceTree = "<group>"; };
		6CFDC6C01BE9B5D600ECB367 /* stars-50.png */ = {isa = PBXFileReference; lastKnownFileType = image.png; path = "stars-50.png"; sourceTree = "<group>"; };
		6CFDC6C11BE9B5D600ECB367 /* stars-51.png */ = {isa = PBXFileReference; lastKnownFileType = image.png; path = "stars-51.png"; sourceTree = "<group>"; };
		6CFDC6C21BE9B5D600ECB367 /* stars-52.png */ = {isa = PBXFileReference; lastKnownFileType = image.png; path = "stars-52.png"; sourceTree = "<group>"; };
		6CFDC6C31BE9B5D600ECB367 /* stars-53.png */ = {isa = PBXFileReference; lastKnownFileType = image.png; path = "stars-53.png"; sourceTree = "<group>"; };
		6CFDC6C41BE9B5D600ECB367 /* stars-54.png */ = {isa = PBXFileReference; lastKnownFileType = image.png; path = "stars-54.png"; sourceTree = "<group>"; };
		6CFDC6C51BE9B5D600ECB367 /* stars-55.png */ = {isa = PBXFileReference; lastKnownFileType = image.png; path = "stars-55.png"; sourceTree = "<group>"; };
		6CFDC6C61BE9B5D600ECB367 /* stars-56.png */ = {isa = PBXFileReference; lastKnownFileType = image.png; path = "stars-56.png"; sourceTree = "<group>"; };
		6CFDC6C71BE9B5D600ECB367 /* stars-57.png */ = {isa = PBXFileReference; lastKnownFileType = image.png; path = "stars-57.png"; sourceTree = "<group>"; };
		6CFDC6C81BE9B5D600ECB367 /* stars-58.png */ = {isa = PBXFileReference; lastKnownFileType = image.png; path = "stars-58.png"; sourceTree = "<group>"; };
		6CFDC6C91BE9B5D600ECB367 /* stars-59.png */ = {isa = PBXFileReference; lastKnownFileType = image.png; path = "stars-59.png"; sourceTree = "<group>"; };
		6CFDC6CA1BE9B5D600ECB367 /* stars-6.png */ = {isa = PBXFileReference; lastKnownFileType = image.png; path = "stars-6.png"; sourceTree = "<group>"; };
		6CFDC6CB1BE9B5D600ECB367 /* stars-60.png */ = {isa = PBXFileReference; lastKnownFileType = image.png; path = "stars-60.png"; sourceTree = "<group>"; };
		6CFDC6CC1BE9B5D600ECB367 /* stars-61.png */ = {isa = PBXFileReference; lastKnownFileType = image.png; path = "stars-61.png"; sourceTree = "<group>"; };
		6CFDC6CD1BE9B5D600ECB367 /* stars-62.png */ = {isa = PBXFileReference; lastKnownFileType = image.png; path = "stars-62.png"; sourceTree = "<group>"; };
		6CFDC6CE1BE9B5D600ECB367 /* stars-63.png */ = {isa = PBXFileReference; lastKnownFileType = image.png; path = "stars-63.png"; sourceTree = "<group>"; };
		6CFDC6CF1BE9B5D600ECB367 /* stars-64.png */ = {isa = PBXFileReference; lastKnownFileType = image.png; path = "stars-64.png"; sourceTree = "<group>"; };
		6CFDC6D01BE9B5D600ECB367 /* stars-65.png */ = {isa = PBXFileReference; lastKnownFileType = image.png; path = "stars-65.png"; sourceTree = "<group>"; };
		6CFDC6D11BE9B5D600ECB367 /* stars-66.png */ = {isa = PBXFileReference; lastKnownFileType = image.png; path = "stars-66.png"; sourceTree = "<group>"; };
		6CFDC6D21BE9B5D600ECB367 /* stars-67.png */ = {isa = PBXFileReference; lastKnownFileType = image.png; path = "stars-67.png"; sourceTree = "<group>"; };
		6CFDC6D31BE9B5D600ECB367 /* stars-68.png */ = {isa = PBXFileReference; lastKnownFileType = image.png; path = "stars-68.png"; sourceTree = "<group>"; };
		6CFDC6D41BE9B5D600ECB367 /* stars-69.png */ = {isa = PBXFileReference; lastKnownFileType = image.png; path = "stars-69.png"; sourceTree = "<group>"; };
		6CFDC6D51BE9B5D600ECB367 /* stars-7.png */ = {isa = PBXFileReference; lastKnownFileType = image.png; path = "stars-7.png"; sourceTree = "<group>"; };
		6CFDC6D61BE9B5D600ECB367 /* stars-70.png */ = {isa = PBXFileReference; lastKnownFileType = image.png; path = "stars-70.png"; sourceTree = "<group>"; };
		6CFDC6D71BE9B5D600ECB367 /* stars-71.png */ = {isa = PBXFileReference; lastKnownFileType = image.png; path = "stars-71.png"; sourceTree = "<group>"; };
		6CFDC6D81BE9B5D600ECB367 /* stars-72.png */ = {isa = PBXFileReference; lastKnownFileType = image.png; path = "stars-72.png"; sourceTree = "<group>"; };
		6CFDC6D91BE9B5D600ECB367 /* stars-73.png */ = {isa = PBXFileReference; lastKnownFileType = image.png; path = "stars-73.png"; sourceTree = "<group>"; };
		6CFDC6DA1BE9B5D600ECB367 /* stars-74.png */ = {isa = PBXFileReference; lastKnownFileType = image.png; path = "stars-74.png"; sourceTree = "<group>"; };
		6CFDC6DB1BE9B5D600ECB367 /* stars-75.png */ = {isa = PBXFileReference; lastKnownFileType = image.png; path = "stars-75.png"; sourceTree = "<group>"; };
		6CFDC6DC1BE9B5D600ECB367 /* stars-76.png */ = {isa = PBXFileReference; lastKnownFileType = image.png; path = "stars-76.png"; sourceTree = "<group>"; };
		6CFDC6DD1BE9B5D600ECB367 /* stars-77.png */ = {isa = PBXFileReference; lastKnownFileType = image.png; path = "stars-77.png"; sourceTree = "<group>"; };
		6CFDC6DE1BE9B5D600ECB367 /* stars-78.png */ = {isa = PBXFileReference; lastKnownFileType = image.png; path = "stars-78.png"; sourceTree = "<group>"; };
		6CFDC6DF1BE9B5D600ECB367 /* stars-79.png */ = {isa = PBXFileReference; lastKnownFileType = image.png; path = "stars-79.png"; sourceTree = "<group>"; };
		6CFDC6E01BE9B5D600ECB367 /* stars-8.png */ = {isa = PBXFileReference; lastKnownFileType = image.png; path = "stars-8.png"; sourceTree = "<group>"; };
		6CFDC6E11BE9B5D600ECB367 /* stars-80.png */ = {isa = PBXFileReference; lastKnownFileType = image.png; path = "stars-80.png"; sourceTree = "<group>"; };
		6CFDC6E21BE9B5D600ECB367 /* stars-81.png */ = {isa = PBXFileReference; lastKnownFileType = image.png; path = "stars-81.png"; sourceTree = "<group>"; };
		6CFDC6E31BE9B5D600ECB367 /* stars-82.png */ = {isa = PBXFileReference; lastKnownFileType = image.png; path = "stars-82.png"; sourceTree = "<group>"; };
		6CFDC6E41BE9B5D600ECB367 /* stars-83.png */ = {isa = PBXFileReference; lastKnownFileType = image.png; path = "stars-83.png"; sourceTree = "<group>"; };
		6CFDC6E51BE9B5D600ECB367 /* stars-84.png */ = {isa = PBXFileReference; lastKnownFileType = image.png; path = "stars-84.png"; sourceTree = "<group>"; };
		6CFDC6E61BE9B5D600ECB367 /* stars-9.png */ = {isa = PBXFileReference; lastKnownFileType = image.png; path = "stars-9.png"; sourceTree = "<group>"; };
/* End PBXFileReference section */

/* Begin PBXFrameworksBuildPhase section */
		6CFDC6311BE9B30D00ECB367 /* Frameworks */ = {
			isa = PBXFrameworksBuildPhase;
			buildActionMask = 2147483647;
			files = (
			);
			runOnlyForDeploymentPostprocessing = 0;
		};
/* End PBXFrameworksBuildPhase section */

/* Begin PBXGroup section */
		6CFDC62B1BE9B30D00ECB367 = {
			isa = PBXGroup;
			children = (
				6CFDC6361BE9B30D00ECB367 /* GIFRefresh */,
				6CFDC6351BE9B30D00ECB367 /* Products */,
			);
			sourceTree = "<group>";
		};
		6CFDC6351BE9B30D00ECB367 /* Products */ = {
			isa = PBXGroup;
			children = (
				6CFDC6341BE9B30D00ECB367 /* GIFRefresh.app */,
			);
			name = Products;
			sourceTree = "<group>";
		};
		6CFDC6361BE9B30D00ECB367 /* GIFRefresh */ = {
			isa = PBXGroup;
			children = (
				6CFDC63A1BE9B30D00ECB367 /* AppDelegate.h */,
				6CFDC63B1BE9B30D00ECB367 /* AppDelegate.m */,
				6CFDC63D1BE9B30D00ECB367 /* ViewController.h */,
				6CFDC63E1BE9B30D00ECB367 /* ViewController.m */,
				6CFDC68E1BE9B51200ECB367 /* GTRefreshGifHeader.h */,
				6CFDC68F1BE9B51200ECB367 /* GTRefreshGifHeader.m */,
				6CFDC6911BE9B5D600ECB367 /* Universe */,
				6CFDC64E1BE9B4D300ECB367 /* MJRefresh */,
				6CFDC6401BE9B30D00ECB367 /* Main.storyboard */,
				6CFDC6431BE9B30E00ECB367 /* Assets.xcassets */,
				6CFDC6451BE9B30E00ECB367 /* LaunchScreen.storyboard */,
				6CFDC6481BE9B30E00ECB367 /* Info.plist */,
				6CFDC6371BE9B30D00ECB367 /* Supporting Files */,
			);
			path = GIFRefresh;
			sourceTree = "<group>";
		};
		6CFDC6371BE9B30D00ECB367 /* Supporting Files */ = {
			isa = PBXGroup;
			children = (
				6CFDC6381BE9B30D00ECB367 /* main.m */,
			);
			name = "Supporting Files";
			sourceTree = "<group>";
		};
		6CFDC64E1BE9B4D300ECB367 /* MJRefresh */ = {
			isa = PBXGroup;
			children = (
				6CFDC64F1BE9B4D300ECB367 /* Base */,
				6CFDC65A1BE9B4D300ECB367 /* Custom */,
				6CFDC6711BE9B4D300ECB367 /* MJRefresh.bundle */,
				6CFDC6721BE9B4D300ECB367 /* MJRefresh.h */,
				6CFDC6731BE9B4D300ECB367 /* MJRefreshConst.h */,
				6CFDC6741BE9B4D300ECB367 /* MJRefreshConst.m */,
				6CFDC6751BE9B4D300ECB367 /* UIScrollView+MJExtension.h */,
				6CFDC6761BE9B4D300ECB367 /* UIScrollView+MJExtension.m */,
				6CFDC6771BE9B4D300ECB367 /* UIScrollView+MJRefresh.h */,
				6CFDC6781BE9B4D300ECB367 /* UIScrollView+MJRefresh.m */,
				6CFDC6791BE9B4D300ECB367 /* UIView+MJExtension.h */,
				6CFDC67A1BE9B4D300ECB367 /* UIView+MJExtension.m */,
			);
			path = MJRefresh;
			sourceTree = "<group>";
		};
		6CFDC64F1BE9B4D300ECB367 /* Base */ = {
			isa = PBXGroup;
			children = (
				6CFDC6501BE9B4D300ECB367 /* MJRefreshAutoFooter.h */,
				6CFDC6511BE9B4D300ECB367 /* MJRefreshAutoFooter.m */,
				6CFDC6521BE9B4D300ECB367 /* MJRefreshBackFooter.h */,
				6CFDC6531BE9B4D300ECB367 /* MJRefreshBackFooter.m */,
				6CFDC6541BE9B4D300ECB367 /* MJRefreshComponent.h */,
				6CFDC6551BE9B4D300ECB367 /* MJRefreshComponent.m */,
				6CFDC6561BE9B4D300ECB367 /* MJRefreshFooter.h */,
				6CFDC6571BE9B4D300ECB367 /* MJRefreshFooter.m */,
				6CFDC6581BE9B4D300ECB367 /* MJRefreshHeader.h */,
				6CFDC6591BE9B4D300ECB367 /* MJRefreshHeader.m */,
			);
			path = Base;
			sourceTree = "<group>";
		};
		6CFDC65A1BE9B4D300ECB367 /* Custom */ = {
			isa = PBXGroup;
			children = (
				6CFDC65B1BE9B4D300ECB367 /* Footer */,
				6CFDC66A1BE9B4D300ECB367 /* Header */,
			);
			path = Custom;
			sourceTree = "<group>";
		};
		6CFDC65B1BE9B4D300ECB367 /* Footer */ = {
			isa = PBXGroup;
			children = (
				6CFDC65C1BE9B4D300ECB367 /* Auto */,
				6CFDC6631BE9B4D300ECB367 /* Back */,
			);
			path = Footer;
			sourceTree = "<group>";
		};
		6CFDC65C1BE9B4D300ECB367 /* Auto */ = {
			isa = PBXGroup;
			children = (
				6CFDC65D1BE9B4D300ECB367 /* MJRefreshAutoGifFooter.h */,
				6CFDC65E1BE9B4D300ECB367 /* MJRefreshAutoGifFooter.m */,
				6CFDC65F1BE9B4D300ECB367 /* MJRefreshAutoNormalFooter.h */,
				6CFDC6601BE9B4D300ECB367 /* MJRefreshAutoNormalFooter.m */,
				6CFDC6611BE9B4D300ECB367 /* MJRefreshAutoStateFooter.h */,
				6CFDC6621BE9B4D300ECB367 /* MJRefreshAutoStateFooter.m */,
			);
			path = Auto;
			sourceTree = "<group>";
		};
		6CFDC6631BE9B4D300ECB367 /* Back */ = {
			isa = PBXGroup;
			children = (
				6CFDC6641BE9B4D300ECB367 /* MJRefreshBackGifFooter.h */,
				6CFDC6651BE9B4D300ECB367 /* MJRefreshBackGifFooter.m */,
				6CFDC6661BE9B4D300ECB367 /* MJRefreshBackNormalFooter.h */,
				6CFDC6671BE9B4D300ECB367 /* MJRefreshBackNormalFooter.m */,
				6CFDC6681BE9B4D300ECB367 /* MJRefreshBackStateFooter.h */,
				6CFDC6691BE9B4D300ECB367 /* MJRefreshBackStateFooter.m */,
			);
			path = Back;
			sourceTree = "<group>";
		};
		6CFDC66A1BE9B4D300ECB367 /* Header */ = {
			isa = PBXGroup;
			children = (
				6CFDC66B1BE9B4D300ECB367 /* MJRefreshGifHeader.h */,
				6CFDC66C1BE9B4D300ECB367 /* MJRefreshGifHeader.m */,
				6CFDC66D1BE9B4D300ECB367 /* MJRefreshNormalHeader.h */,
				6CFDC66E1BE9B4D300ECB367 /* MJRefreshNormalHeader.m */,
				6CFDC66F1BE9B4D300ECB367 /* MJRefreshStateHeader.h */,
				6CFDC6701BE9B4D300ECB367 /* MJRefreshStateHeader.m */,
			);
			path = Header;
			sourceTree = "<group>";
		};
		6CFDC6911BE9B5D600ECB367 /* Universe */ = {
			isa = PBXGroup;
			children = (
				6CFDC6921BE9B5D600ECB367 /* stars-0.png */,
				6CFDC6931BE9B5D600ECB367 /* stars-1.png */,
				6CFDC6941BE9B5D600ECB367 /* stars-10.png */,
				6CFDC6951BE9B5D600ECB367 /* stars-11.png */,
				6CFDC6961BE9B5D600ECB367 /* stars-12.png */,
				6CFDC6971BE9B5D600ECB367 /* stars-13.png */,
				6CFDC6981BE9B5D600ECB367 /* stars-14.png */,
				6CFDC6991BE9B5D600ECB367 /* stars-15.png */,
				6CFDC69A1BE9B5D600ECB367 /* stars-16.png */,
				6CFDC69B1BE9B5D600ECB367 /* stars-17.png */,
				6CFDC69C1BE9B5D600ECB367 /* stars-18.png */,
				6CFDC69D1BE9B5D600ECB367 /* stars-19.png */,
				6CFDC69E1BE9B5D600ECB367 /* stars-2.png */,
				6CFDC69F1BE9B5D600ECB367 /* stars-20.png */,
				6CFDC6A01BE9B5D600ECB367 /* stars-21.png */,
				6CFDC6A11BE9B5D600ECB367 /* stars-22.png */,
				6CFDC6A21BE9B5D600ECB367 /* stars-23.png */,
				6CFDC6A31BE9B5D600ECB367 /* stars-24.png */,
				6CFDC6A41BE9B5D600ECB367 /* stars-25.png */,
				6CFDC6A51BE9B5D600ECB367 /* stars-26.png */,
				6CFDC6A61BE9B5D600ECB367 /* stars-27.png */,
				6CFDC6A71BE9B5D600ECB367 /* stars-28.png */,
				6CFDC6A81BE9B5D600ECB367 /* stars-29.png */,
				6CFDC6A91BE9B5D600ECB367 /* stars-3.png */,
				6CFDC6AA1BE9B5D600ECB367 /* stars-30.png */,
				6CFDC6AB1BE9B5D600ECB367 /* stars-31.png */,
				6CFDC6AC1BE9B5D600ECB367 /* stars-32.png */,
				6CFDC6AD1BE9B5D600ECB367 /* stars-33.png */,
				6CFDC6AE1BE9B5D600ECB367 /* stars-34.png */,
				6CFDC6AF1BE9B5D600ECB367 /* stars-35.png */,
				6CFDC6B01BE9B5D600ECB367 /* stars-36.png */,
				6CFDC6B11BE9B5D600ECB367 /* stars-37.png */,
				6CFDC6B21BE9B5D600ECB367 /* stars-38.png */,
				6CFDC6B31BE9B5D600ECB367 /* stars-39.png */,
				6CFDC6B41BE9B5D600ECB367 /* stars-4.png */,
				6CFDC6B51BE9B5D600ECB367 /* stars-40.png */,
				6CFDC6B61BE9B5D600ECB367 /* stars-41.png */,
				6CFDC6B71BE9B5D600ECB367 /* stars-42.png */,
				6CFDC6B81BE9B5D600ECB367 /* stars-43.png */,
				6CFDC6B91BE9B5D600ECB367 /* stars-44.png */,
				6CFDC6BA1BE9B5D600ECB367 /* stars-45.png */,
				6CFDC6BB1BE9B5D600ECB367 /* stars-46.png */,
				6CFDC6BC1BE9B5D600ECB367 /* stars-47.png */,
				6CFDC6BD1BE9B5D600ECB367 /* stars-48.png */,
				6CFDC6BE1BE9B5D600ECB367 /* stars-49.png */,
				6CFDC6BF1BE9B5D600ECB367 /* stars-5.png */,
				6CFDC6C01BE9B5D600ECB367 /* stars-50.png */,
				6CFDC6C11BE9B5D600ECB367 /* stars-51.png */,
				6CFDC6C21BE9B5D600ECB367 /* stars-52.png */,
				6CFDC6C31BE9B5D600ECB367 /* stars-53.png */,
				6CFDC6C41BE9B5D600ECB367 /* stars-54.png */,
				6CFDC6C51BE9B5D600ECB367 /* stars-55.png */,
				6CFDC6C61BE9B5D600ECB367 /* stars-56.png */,
				6CFDC6C71BE9B5D600ECB367 /* stars-57.png */,
				6CFDC6C81BE9B5D600ECB367 /* stars-58.png */,
				6CFDC6C91BE9B5D600ECB367 /* stars-59.png */,
				6CFDC6CA1BE9B5D600ECB367 /* stars-6.png */,
				6CFDC6CB1BE9B5D600ECB367 /* stars-60.png */,
				6CFDC6CC1BE9B5D600ECB367 /* stars-61.png */,
				6CFDC6CD1BE9B5D600ECB367 /* stars-62.png */,
				6CFDC6CE1BE9B5D600ECB367 /* stars-63.png */,
				6CFDC6CF1BE9B5D600ECB367 /* stars-64.png */,
				6CFDC6D01BE9B5D600ECB367 /* stars-65.png */,
				6CFDC6D11BE9B5D600ECB367 /* stars-66.png */,
				6CFDC6D21BE9B5D600ECB367 /* stars-67.png */,
				6CFDC6D31BE9B5D600ECB367 /* stars-68.png */,
				6CFDC6D41BE9B5D600ECB367 /* stars-69.png */,
				6CFDC6D51BE9B5D600ECB367 /* stars-7.png */,
				6CFDC6D61BE9B5D600ECB367 /* stars-70.png */,
				6CFDC6D71BE9B5D600ECB367 /* stars-71.png */,
				6CFDC6D81BE9B5D600ECB367 /* stars-72.png */,
				6CFDC6D91BE9B5D600ECB367 /* stars-73.png */,
				6CFDC6DA1BE9B5D600ECB367 /* stars-74.png */,
				6CFDC6DB1BE9B5D600ECB367 /* stars-75.png */,
				6CFDC6DC1BE9B5D600ECB367 /* stars-76.png */,
				6CFDC6DD1BE9B5D600ECB367 /* stars-77.png */,
				6CFDC6DE1BE9B5D600ECB367 /* stars-78.png */,
				6CFDC6DF1BE9B5D600ECB367 /* stars-79.png */,
				6CFDC6E01BE9B5D600ECB367 /* stars-8.png */,
				6CFDC6E11BE9B5D600ECB367 /* stars-80.png */,
				6CFDC6E21BE9B5D600ECB367 /* stars-81.png */,
				6CFDC6E31BE9B5D600ECB367 /* stars-82.png */,
				6CFDC6E41BE9B5D600ECB367 /* stars-83.png */,
				6CFDC6E51BE9B5D600ECB367 /* stars-84.png */,
				6CFDC6E61BE9B5D600ECB367 /* stars-9.png */,
			);
			path = Universe;
			sourceTree = "<group>";
		};
/* End PBXGroup section */

/* Begin PBXNativeTarget section */
		6CFDC6331BE9B30D00ECB367 /* GIFRefresh */ = {
			isa = PBXNativeTarget;
			buildConfigurationList = 6CFDC64B1BE9B30E00ECB367 /* Build configuration list for PBXNativeTarget "GIFRefresh" */;
			buildPhases = (
				6CFDC6301BE9B30D00ECB367 /* Sources */,
				6CFDC6311BE9B30D00ECB367 /* Frameworks */,
				6CFDC6321BE9B30D00ECB367 /* Resources */,
			);
			buildRules = (
			);
			dependencies = (
			);
			name = GIFRefresh;
			productName = GIFRefresh;
			productReference = 6CFDC6341BE9B30D00ECB367 /* GIFRefresh.app */;
			productType = "com.apple.product-type.application";
		};
/* End PBXNativeTarget section */

/* Begin PBXProject section */
		6CFDC62C1BE9B30D00ECB367 /* Project object */ = {
			isa = PBXProject;
			attributes = {
				LastUpgradeCheck = 0700;
				ORGANIZATIONNAME = iShareme;
				TargetAttributes = {
					6CFDC6331BE9B30D00ECB367 = {
						CreatedOnToolsVersion = 7.0;
					};
				};
			};
			buildConfigurationList = 6CFDC62F1BE9B30D00ECB367 /* Build configuration list for PBXProject "GIFRefresh" */;
			compatibilityVersion = "Xcode 3.2";
			developmentRegion = English;
			hasScannedForEncodings = 0;
			knownRegions = (
				en,
				Base,
			);
			mainGroup = 6CFDC62B1BE9B30D00ECB367;
			productRefGroup = 6CFDC6351BE9B30D00ECB367 /* Products */;
			projectDirPath = "";
			projectRoot = "";
			targets = (
				6CFDC6331BE9B30D00ECB367 /* GIFRefresh */,
			);
		};
/* End PBXProject section */

/* Begin PBXResourcesBuildPhase section */
		6CFDC6321BE9B30D00ECB367 /* Resources */ = {
			isa = PBXResourcesBuildPhase;
			buildActionMask = 2147483647;
			files = (
				6CFDC7031BE9B5D600ECB367 /* stars-34.png in Resources */,
				6CFDC7221BE9B5D600ECB367 /* stars-62.png in Resources */,
				6CFDC6471BE9B30E00ECB367 /* LaunchScreen.storyboard in Resources */,
				6CFDC7371BE9B5D600ECB367 /* stars-81.png in Resources */,
				6CFDC7231BE9B5D600ECB367 /* stars-63.png in Resources */,
				6CFDC6441BE9B30E00ECB367 /* Assets.xcassets in Resources */,
				6CFDC72C1BE9B5D600ECB367 /* stars-71.png in Resources */,
				6CFDC71E1BE9B5D600ECB367 /* stars-59.png in Resources */,
				6CFDC7151BE9B5D600ECB367 /* stars-50.png in Resources */,
				6CFDC7141BE9B5D600ECB367 /* stars-5.png in Resources */,
				6CFDC7101BE9B5D600ECB367 /* stars-46.png in Resources */,
				6CFDC7041BE9B5D600ECB367 /* stars-35.png in Resources */,
				6CFDC7351BE9B5D600ECB367 /* stars-8.png in Resources */,
				6CFDC6F31BE9B5D600ECB367 /* stars-2.png in Resources */,
				6CFDC7001BE9B5D600ECB367 /* stars-31.png in Resources */,
				6CFDC6891BE9B4D300ECB367 /* MJRefresh.bundle in Resources */,
				6CFDC6F21BE9B5D600ECB367 /* stars-19.png in Resources */,
				6CFDC7301BE9B5D600ECB367 /* stars-75.png in Resources */,
				6CFDC71A1BE9B5D600ECB367 /* stars-55.png in Resources */,
				6CFDC7291BE9B5D600ECB367 /* stars-69.png in Resources */,
				6CFDC71F1BE9B5D600ECB367 /* stars-6.png in Resources */,
				6CFDC73A1BE9B5D600ECB367 /* stars-84.png in Resources */,
				6CFDC6F11BE9B5D600ECB367 /* stars-18.png in Resources */,
				6CFDC6FF1BE9B5D600ECB367 /* stars-30.png in Resources */,
				6CFDC6FD1BE9B5D600ECB367 /* stars-29.png in Resources */,
				6CFDC6EE1BE9B5D600ECB367 /* stars-15.png in Resources */,
				6CFDC7321BE9B5D600ECB367 /* stars-77.png in Resources */,
				6CFDC6FC1BE9B5D600ECB367 /* stars-28.png in Resources */,
				6CFDC7171BE9B5D600ECB367 /* stars-52.png in Resources */,
				6CFDC70E1BE9B5D600ECB367 /* stars-44.png in Resources */,
				6CFDC70A1BE9B5D600ECB367 /* stars-40.png in Resources */,
				6CFDC6EC1BE9B5D600ECB367 /* stars-13.png in Resources */,
				6CFDC7381BE9B5D600ECB367 /* stars-82.png in Resources */,
				6CFDC70C1BE9B5D600ECB367 /* stars-42.png in Resources */,
				6CFDC72B1BE9B5D600ECB367 /* stars-70.png in Resources */,
				6CFDC6EA1BE9B5D600ECB367 /* stars-11.png in Resources */,
				6CFDC7061BE9B5D600ECB367 /* stars-37.png in Resources */,
				6CFDC6FA1BE9B5D600ECB367 /* stars-26.png in Resources */,
				6CFDC7121BE9B5D600ECB367 /* stars-48.png in Resources */,
				6CFDC6F81BE9B5D600ECB367 /* stars-24.png in Resources */,
				6CFDC6F71BE9B5D600ECB367 /* stars-23.png in Resources */,
				6CFDC6E71BE9B5D600ECB367 /* stars-0.png in Resources */,
				6CFDC73B1BE9B5D600ECB367 /* stars-9.png in Resources */,
				6CFDC71C1BE9B5D600ECB367 /* stars-57.png in Resources */,
				6CFDC6FE1BE9B5D600ECB367 /* stars-3.png in Resources */,
				6CFDC7111BE9B5D600ECB367 /* stars-47.png in Resources */,
				6CFDC7271BE9B5D600ECB367 /* stars-67.png in Resources */,
				6CFDC6FB1BE9B5D600ECB367 /* stars-27.png in Resources */,
				6CFDC7261BE9B5D600ECB367 /* stars-66.png in Resources */,
				6CFDC6421BE9B30D00ECB367 /* Main.storyboard in Resources */,
				6CFDC71B1BE9B5D600ECB367 /* stars-56.png in Resources */,
				6CFDC7241BE9B5D600ECB367 /* stars-64.png in Resources */,
				6CFDC6EF1BE9B5D600ECB367 /* stars-16.png in Resources */,
				6CFDC7251BE9B5D600ECB367 /* stars-65.png in Resources */,
				6CFDC7181BE9B5D600ECB367 /* stars-53.png in Resources */,
				6CFDC7071BE9B5D600ECB367 /* stars-38.png in Resources */,
				6CFDC6ED1BE9B5D600ECB367 /* stars-14.png in Resources */,
				6CFDC6F61BE9B5D600ECB367 /* stars-22.png in Resources */,
				6CFDC7211BE9B5D600ECB367 /* stars-61.png in Resources */,
				6CFDC72F1BE9B5D600ECB367 /* stars-74.png in Resources */,
				6CFDC71D1BE9B5D600ECB367 /* stars-58.png in Resources */,
				6CFDC7201BE9B5D600ECB367 /* stars-60.png in Resources */,
				6CFDC6F91BE9B5D600ECB367 /* stars-25.png in Resources */,
				6CFDC6EB1BE9B5D600ECB367 /* stars-12.png in Resources */,
				6CFDC6F51BE9B5D600ECB367 /* stars-21.png in Resources */,
				6CFDC7331BE9B5D600ECB367 /* stars-78.png in Resources */,
				6CFDC7131BE9B5D600ECB367 /* stars-49.png in Resources */,
				6CFDC70F1BE9B5D600ECB367 /* stars-45.png in Resources */,
				6CFDC6E81BE9B5D600ECB367 /* stars-1.png in Resources */,
				6CFDC7311BE9B5D600ECB367 /* stars-76.png in Resources */,
				6CFDC70B1BE9B5D600ECB367 /* stars-41.png in Resources */,
				6CFDC70D1BE9B5D600ECB367 /* stars-43.png in Resources */,
				6CFDC7161BE9B5D600ECB367 /* stars-51.png in Resources */,
				6CFDC7361BE9B5D600ECB367 /* stars-80.png in Resources */,
				6CFDC72D1BE9B5D600ECB367 /* stars-72.png in Resources */,
				6CFDC7011BE9B5D600ECB367 /* stars-32.png in Resources */,
				6CFDC6F41BE9B5D600ECB367 /* stars-20.png in Resources */,
				6CFDC7191BE9B5D600ECB367 /* stars-54.png in Resources */,
				6CFDC7281BE9B5D600ECB367 /* stars-68.png in Resources */,
				6CFDC7341BE9B5D600ECB367 /* stars-79.png in Resources */,
				6CFDC7391BE9B5D600ECB367 /* stars-83.png in Resources */,
				6CFDC7081BE9B5D600ECB367 /* stars-39.png in Resources */,
				6CFDC6E91BE9B5D600ECB367 /* stars-10.png in Resources */,
				6CFDC6F01BE9B5D600ECB367 /* stars-17.png in Resources */,
				6CFDC72E1BE9B5D600ECB367 /* stars-73.png in Resources */,
				6CFDC7051BE9B5D600ECB367 /* stars-36.png in Resources */,
				6CFDC7021BE9B5D600ECB367 /* stars-33.png in Resources */,
				6CFDC7091BE9B5D600ECB367 /* stars-4.png in Resources */,
				6CFDC72A1BE9B5D600ECB367 /* stars-7.png in Resources */,
			);
			runOnlyForDeploymentPostprocessing = 0;
		};
/* End PBXResourcesBuildPhase section */

/* Begin PBXSourcesBuildPhase section */
		6CFDC6301BE9B30D00ECB367 /* Sources */ = {
			isa = PBXSourcesBuildPhase;
			buildActionMask = 2147483647;
			files = (
				6CFDC63F1BE9B30D00ECB367 /* ViewController.m in Sources */,
				6CFDC6811BE9B4D300ECB367 /* MJRefreshAutoNormalFooter.m in Sources */,
				6CFDC6801BE9B4D300ECB367 /* MJRefreshAutoGifFooter.m in Sources */,
				6CFDC6861BE9B4D300ECB367 /* MJRefreshGifHeader.m in Sources */,
				6CFDC63C1BE9B30D00ECB367 /* AppDelegate.m in Sources */,
				6CFDC67D1BE9B4D300ECB367 /* MJRefreshComponent.m in Sources */,
				6CFDC67F1BE9B4D300ECB367 /* MJRefreshHeader.m in Sources */,
				6CFDC6851BE9B4D300ECB367 /* MJRefreshBackStateFooter.m in Sources */,
				6CFDC6901BE9B51200ECB367 /* GTRefreshGifHeader.m in Sources */,
				6CFDC68C1BE9B4D300ECB367 /* UIScrollView+MJRefresh.m in Sources */,
				6CFDC68B1BE9B4D300ECB367 /* UIScrollView+MJExtension.m in Sources */,
				6CFDC68D1BE9B4D300ECB367 /* UIView+MJExtension.m in Sources */,
				6CFDC67B1BE9B4D300ECB367 /* MJRefreshAutoFooter.m in Sources */,
				6CFDC6831BE9B4D300ECB367 /* MJRefreshBackGifFooter.m in Sources */,
				6CFDC6871BE9B4D300ECB367 /* MJRefreshNormalHeader.m in Sources */,
				6CFDC6821BE9B4D300ECB367 /* MJRefreshAutoStateFooter.m in Sources */,
				6CFDC67C1BE9B4D300ECB367 /* MJRefreshBackFooter.m in Sources */,
				6CFDC6391BE9B30D00ECB367 /* main.m in Sources */,
				6CFDC68A1BE9B4D300ECB367 /* MJRefreshConst.m in Sources */,
				6CFDC6841BE9B4D300ECB367 /* MJRefreshBackNormalFooter.m in Sources */,
				6CFDC6881BE9B4D300ECB367 /* MJRefreshStateHeader.m in Sources */,
				6CFDC67E1BE9B4D300ECB367 /* MJRefreshFooter.m in Sources */,
			);
			runOnlyForDeploymentPostprocessing = 0;
		};
/* End PBXSourcesBuildPhase section */

/* Begin PBXVariantGroup section */
		6CFDC6401BE9B30D00ECB367 /* Main.storyboard */ = {
			isa = PBXVariantGroup;
			children = (
				6CFDC6411BE9B30D00ECB367 /* Base */,
			);
			name = Main.storyboard;
			sourceTree = "<group>";
		};
		6CFDC6451BE9B30E00ECB367 /* LaunchScreen.storyboard */ = {
			isa = PBXVariantGroup;
			children = (
				6CFDC6461BE9B30E00ECB367 /* Base */,
			);
			name = LaunchScreen.storyboard;
			sourceTree = "<group>";
		};
/* End PBXVariantGroup section */

/* Begin XCBuildConfiguration section */
		6CFDC6491BE9B30E00ECB367 /* Debug */ = {
			isa = XCBuildConfiguration;
			buildSettings = {
				ALWAYS_SEARCH_USER_PATHS = NO;
				CLANG_CXX_LANGUAGE_STANDARD = "gnu++0x";
				CLANG_CXX_LIBRARY = "libc++";
				CLANG_ENABLE_MODULES = YES;
				CLANG_ENABLE_OBJC_ARC = YES;
				CLANG_WARN_BOOL_CONVERSION = YES;
				CLANG_WARN_CONSTANT_CONVERSION = YES;
				CLANG_WARN_DIRECT_OBJC_ISA_USAGE = YES_ERROR;
				CLANG_WARN_EMPTY_BODY = YES;
				CLANG_WARN_ENUM_CONVERSION = YES;
				CLANG_WARN_INT_CONVERSION = YES;
				CLANG_WARN_OBJC_ROOT_CLASS = YES_ERROR;
				CLANG_WARN_UNREACHABLE_CODE = YES;
				CLANG_WARN__DUPLICATE_METHOD_MATCH = YES;
				"CODE_SIGN_IDENTITY[sdk=iphoneos*]" = "iPhone Developer";
				COPY_PHASE_STRIP = NO;
				DEBUG_INFORMATION_FORMAT = dwarf;
				ENABLE_STRICT_OBJC_MSGSEND = YES;
				ENABLE_TESTABILITY = YES;
				GCC_C_LANGUAGE_STANDARD = gnu99;
				GCC_DYNAMIC_NO_PIC = NO;
				GCC_NO_COMMON_BLOCKS = YES;
				GCC_OPTIMIZATION_LEVEL = 0;
				GCC_PREPROCESSOR_DEFINITIONS = (
					"DEBUG=1",
					"$(inherited)",
				);
				GCC_WARN_64_TO_32_BIT_CONVERSION = YES;
				GCC_WARN_ABOUT_RETURN_TYPE = YES_ERROR;
				GCC_WARN_UNDECLARED_SELECTOR = YES;
				GCC_WARN_UNINITIALIZED_AUTOS = YES_AGGRESSIVE;
				GCC_WARN_UNUSED_FUNCTION = YES;
				GCC_WARN_UNUSED_VARIABLE = YES;
				IPHONEOS_DEPLOYMENT_TARGET = 9.0;
				MTL_ENABLE_DEBUG_INFO = YES;
				ONLY_ACTIVE_ARCH = YES;
				SDKROOT = iphoneos;
			};
			name = Debug;
		};
		6CFDC64A1BE9B30E00ECB367 /* Release */ = {
			isa = XCBuildConfiguration;
			buildSettings = {
				ALWAYS_SEARCH_USER_PATHS = NO;
				CLANG_CXX_LANGUAGE_STANDARD = "gnu++0x";
				CLANG_CXX_LIBRARY = "libc++";
				CLANG_ENABLE_MODULES = YES;
				CLANG_ENABLE_OBJC_ARC = YES;
				CLANG_WARN_BOOL_CONVERSION = YES;
				CLANG_WARN_CONSTANT_CONVERSION = YES;
				CLANG_WARN_DIRECT_OBJC_ISA_USAGE = YES_ERROR;
				CLANG_WARN_EMPTY_BODY = YES;
				CLANG_WARN_ENUM_CONVERSION = YES;
				CLANG_WARN_INT_CONVERSION = YES;
				CLANG_WARN_OBJC_ROOT_CLASS = YES_ERROR;
				CLANG_WARN_UNREACHABLE_CODE = YES;
				CLANG_WARN__DUPLICATE_METHOD_MATCH = YES;
				"CODE_SIGN_IDENTITY[sdk=iphoneos*]" = "iPhone Developer";
				COPY_PHASE_STRIP = NO;
				DEBUG_INFORMATION_FORMAT = "dwarf-with-dsym";
				ENABLE_NS_ASSERTIONS = NO;
				ENABLE_STRICT_OBJC_MSGSEND = YES;
				GCC_C_LANGUAGE_STANDARD = gnu99;
				GCC_NO_COMMON_BLOCKS = YES;
				GCC_WARN_64_TO_32_BIT_CONVERSION = YES;
				GCC_WARN_ABOUT_RETURN_TYPE = YES_ERROR;
				GCC_WARN_UNDECLARED_SELECTOR = YES;
				GCC_WARN_UNINITIALIZED_AUTOS = YES_AGGRESSIVE;
				GCC_WARN_UNUSED_FUNCTION = YES;
				GCC_WARN_UNUSED_VARIABLE = YES;
				IPHONEOS_DEPLOYMENT_TARGET = 9.0;
				MTL_ENABLE_DEBUG_INFO = NO;
				SDKROOT = iphoneos;
				VALIDATE_PRODUCT = YES;
			};
			name = Release;
		};
		6CFDC64C1BE9B30E00ECB367 /* Debug */ = {
			isa = XCBuildConfiguration;
			buildSettings = {
				ASSETCATALOG_COMPILER_APPICON_NAME = AppIcon;
				INFOPLIST_FILE = GIFRefresh/Info.plist;
				LD_RUNPATH_SEARCH_PATHS = "$(inherited) @executable_path/Frameworks";
				PRODUCT_BUNDLE_IDENTIFIER = com.iShareme.www.GIFRefresh;
				PRODUCT_NAME = "$(TARGET_NAME)";
			};
			name = Debug;
		};
		6CFDC64D1BE9B30E00ECB367 /* Release */ = {
			isa = XCBuildConfiguration;
			buildSettings = {
				ASSETCATALOG_COMPILER_APPICON_NAME = AppIcon;
				INFOPLIST_FILE = GIFRefresh/Info.plist;
				LD_RUNPATH_SEARCH_PATHS = "$(inherited) @executable_path/Frameworks";
				PRODUCT_BUNDLE_IDENTIFIER = com.iShareme.www.GIFRefresh;
				PRODUCT_NAME = "$(TARGET_NAME)";
			};
			name = Release;
		};
/* End XCBuildConfiguration section */

/* Begin XCConfigurationList section */
		6CFDC62F1BE9B30D00ECB367 /* Build configuration list for PBXProject "GIFRefresh" */ = {
			isa = XCConfigurationList;
			buildConfigurations = (
				6CFDC6491BE9B30E00ECB367 /* Debug */,
				6CFDC64A1BE9B30E00ECB367 /* Release */,
			);
			defaultConfigurationIsVisible = 0;
			defaultConfigurationName = Release;
		};
		6CFDC64B1BE9B30E00ECB367 /* Build configuration list for PBXNativeTarget "GIFRefresh" */ = {
			isa = XCConfigurationList;
			buildConfigurations = (
				6CFDC64C1BE9B30E00ECB367 /* Debug */,
				6CFDC64D1BE9B30E00ECB367 /* Release */,
			);
			defaultConfigurationIsVisible = 0;
			defaultConfigurationName = Release;
		};
/* End XCConfigurationList section */
	};
	rootObject = 6CFDC62C1BE9B30D00ECB367 /* Project object */;
}
